{
    "name": "JsTuts",
    "version": "1.0.0",
    "lockfileVersion": 2,
    "requires": true,
    "packages": {
        "": {
            "version": "1.0.0",
            "dependencies": {
                "data-forge": "^1.8.17",
                "data-forge-fs": "^0.0.9"
            }
        },
        "node_modules/@data-forge/serialization": {
            "version": "1.0.1",
            "resolved": "https://registry.npmjs.org/@data-forge/serialization/-/serialization-1.0.1.tgz",
            "integrity": "sha512-EP7IWimh5JcDOISVoXvNIjUAqcPN1FkNWvuvjY3uzcswErxB8j93ldlUBvgvGEszqFRwMM3fpMF0HrISg5iBSQ=="
        },
        "node_modules/assertion-error": {
            "version": "1.1.0",
            "resolved": "https://registry.npmjs.org/assertion-error/-/assertion-error-1.1.0.tgz",
            "integrity": "sha512-jgsaNduz+ndvGyFt3uSuWqvy4lCnIJiovtouQN5JZHOKCS2QuhEdbcQHFhVksz2N2U9hXJo8odG7ETyWlEeuDw==",
            "engines": {
                "node": "*"
            }
        },
        "node_modules/chai": {
            "version": "4.3.4",
            "resolved": "https://registry.npmjs.org/chai/-/chai-4.3.4.tgz",
            "integrity": "sha512-yS5H68VYOCtN1cjfwumDSuzn/9c+yza4f3reKXlE5rUg7SFcCEy90gJvydNgOYtblyf4Zi6jIWRnXOgErta0KA==",
            "dependencies": {
                "assertion-error": "^1.1.0",
                "check-error": "^1.0.2",
                "deep-eql": "^3.0.1",
                "get-func-name": "^2.0.0",
                "pathval": "^1.1.1",
                "type-detect": "^4.0.5"
            },
            "engines": {
                "node": ">=4"
            }
        },
        "node_modules/check-error": {
            "version": "1.0.2",
            "resolved": "https://registry.npmjs.org/check-error/-/check-error-1.0.2.tgz",
            "integrity": "sha1-V00xLt2Iu13YkS6Sht1sCu1KrII=",
            "engines": {
                "node": "*"
            }
        },
        "node_modules/clone": {
            "version": "1.0.4",
            "resolved": "https://registry.npmjs.org/clone/-/clone-1.0.4.tgz",
            "integrity": "sha1-2jCcwmPfFZlMaIypAheco8fNfH4=",
            "optional": true,
            "engines": {
                "node": ">=0.8"
            }
        },
        "node_modules/data-forge": {
            "version": "1.8.17",
            "resolved": "https://registry.npmjs.org/data-forge/-/data-forge-1.8.17.tgz",
            "integrity": "sha512-VWLoMyceLJL3a7jGPhxNFMwpW1tC3D6enJEoskBxGAJ3cTG3tT7YzVaAmQdDsU20+sPMsG/tRC2Vb3/knVTLzA==",
            "hasInstallScript": true,
            "dependencies": {
                "@data-forge/serialization": "^1.0.0",
                "dayjs": "^1.8.12",
                "easy-table": "1.1.0",
                "json5": "^2.1.0",
                "numeral": "^2.0.6",
                "papaparse": "5.2.0",
                "typy": "^3.0.1"
            }
        },
        "node_modules/data-forge-fs": {
            "version": "0.0.9",
            "resolved": "https://registry.npmjs.org/data-forge-fs/-/data-forge-fs-0.0.9.tgz",
            "integrity": "sha512-7VzK9DbvYqJk/AlQckIh4OMX0iNcvY4Za8vWXh6LT+TGekAs791XUjB2OsEDlRcmRr3DdQ7aecVBRZ+wevjhnA==",
            "dependencies": {
                "chai": "^4.1.2"
            },
            "peerDependencies": {
                "data-forge": "^1.8.13"
            }
        },
        "node_modules/dayjs": {
            "version": "1.10.6",
            "resolved": "https://registry.npmjs.org/dayjs/-/dayjs-1.10.6.tgz",
            "integrity": "sha512-AztC/IOW4L1Q41A86phW5Thhcrco3xuAA+YX/BLpLWWjRcTj5TOt/QImBLmCKlrF7u7k47arTnOyL6GnbG8Hvw=="
        },
        "node_modules/deep-eql": {
            "version": "3.0.1",
            "resolved": "https://registry.npmjs.org/deep-eql/-/deep-eql-3.0.1.tgz",
            "integrity": "sha512-+QeIQyN5ZuO+3Uk5DYh6/1eKO0m0YmJFGNmFHGACpf1ClL1nmlV/p4gNgbl2pJGxgXb4faqo6UE+M5ACEMyVcw==",
            "dependencies": {
                "type-detect": "^4.0.0"
            },
            "engines": {
                "node": ">=0.12"
            }
        },
        "node_modules/defaults": {
            "version": "1.0.3",
            "resolved": "https://registry.npmjs.org/defaults/-/defaults-1.0.3.tgz",
            "integrity": "sha1-xlYFHpgX2f8I7YgUd/P+QBnz730=",
            "optional": true,
            "dependencies": {
                "clone": "^1.0.2"
            }
        },
        "node_modules/easy-table": {
            "version": "1.1.0",
            "resolved": "https://registry.npmjs.org/easy-table/-/easy-table-1.1.0.tgz",
            "integrity": "sha1-hvmrTBAvA3G3KXuSplHVgkvIy3M=",
            "optionalDependencies": {
                "wcwidth": ">=1.0.1"
            }
        },
        "node_modules/get-func-name": {
            "version": "2.0.0",
            "resolved": "https://registry.npmjs.org/get-func-name/-/get-func-name-2.0.0.tgz",
            "integrity": "sha1-6td0q+5y4gQJQzoGY2YCPdaIekE=",
            "engines": {
                "node": "*"
            }
        },
        "node_modules/json5": {
            "version": "2.2.0",
            "resolved": "https://registry.npmjs.org/json5/-/json5-2.2.0.tgz",
            "integrity": "sha512-f+8cldu7X/y7RAJurMEJmdoKXGB/X550w2Nr3tTbezL6RwEE/iMcm+tZnXeoZtKuOq6ft8+CqzEkrIgx1fPoQA==",
            "dependencies": {
                "minimist": "^1.2.5"
            },
            "bin": {
                "json5": "lib/cli.js"
            },
            "engines": {
                "node": ">=6"
            }
        },
        "node_modules/minimist": {
            "version": "1.2.5",
            "resolved": "https://registry.npmjs.org/minimist/-/minimist-1.2.5.tgz",
            "integrity": "sha512-FM9nNUYrRBAELZQT3xeZQ7fmMOBg6nWNmJKTcgsJeaLstP/UODVpGsr5OhXhhXg6f+qtJ8uiZ+PUxkDWcgIXLw=="
        },
        "node_modules/numeral": {
            "version": "2.0.6",
            "resolved": "https://registry.npmjs.org/numeral/-/numeral-2.0.6.tgz",
            "integrity": "sha1-StCAk21EPCVhrtnyGX7//iX05QY=",
            "engines": {
                "node": "*"
            }
        },
        "node_modules/papaparse": {
            "version": "5.2.0",
            "resolved": "https://registry.npmjs.org/papaparse/-/papaparse-5.2.0.tgz",
            "integrity": "sha512-ylq1wgUSnagU+MKQtNeVqrPhZuMYBvOSL00DHycFTCxownF95gpLAk1HiHdUW77N8yxRq1qHXLdlIPyBSG9NSA=="
        },
        "node_modules/pathval": {
            "version": "1.1.1",
            "resolved": "https://registry.npmjs.org/pathval/-/pathval-1.1.1.tgz",
            "integrity": "sha512-Dp6zGqpTdETdR63lehJYPeIOqpiNBNtc7BpWSLrOje7UaIsE5aY92r/AunQA7rsXvet3lrJ3JnZX29UPTKXyKQ==",
            "engines": {
                "node": "*"
            }
        },
        "node_modules/type-detect": {
            "version": "4.0.8",
            "resolved": "https://registry.npmjs.org/type-detect/-/type-detect-4.0.8.tgz",
            "integrity": "sha512-0fr/mIH1dlO+x7TlcMy+bIDqKPsw/70tVyeHW787goQjhmqaZe10uwLujubK9q9Lg6Fiho1KUKDYz0Z7k7g5/g==",
            "engines": {
                "node": ">=4"
            }
        },
        "node_modules/typy": {
            "version": "3.3.0",
            "resolved": "https://registry.npmjs.org/typy/-/typy-3.3.0.tgz",
            "integrity": "sha512-Du53deMF9X9pSM3gVXDjLBq14BUfZWSGKfmmR1kTlg953RaIZehfc8fQuoAiW+SRO6bJsP+59mv1tsH8vwKghg=="
        },
        "node_modules/wcwidth": {
            "version": "1.0.1",
            "resolved": "https://registry.npmjs.org/wcwidth/-/wcwidth-1.0.1.tgz",
            "integrity": "sha1-8LDc+RW8X/FSivrbLA4XtTLaL+g=",
            "optional": true,
            "dependencies": {
                "defaults": "^1.0.3"
            }
        }
    },
    "dependencies": {
        "@data-forge/serialization": {
            "version": "1.0.1",
            "resolved": "https://registry.npmjs.org/@data-forge/serialization/-/serialization-1.0.1.tgz",
            "integrity": "sha512-EP7IWimh5JcDOISVoXvNIjUAqcPN1FkNWvuvjY3uzcswErxB8j93ldlUBvgvGEszqFRwMM3fpMF0HrISg5iBSQ=="
        },
        "assertion-error": {
            "version": "1.1.0",
            "resolved": "https://registry.npmjs.org/assertion-error/-/assertion-error-1.1.0.tgz",
            "integrity": "sha512-jgsaNduz+ndvGyFt3uSuWqvy4lCnIJiovtouQN5JZHOKCS2QuhEdbcQHFhVksz2N2U9hXJo8odG7ETyWlEeuDw=="
        },
        "chai": {
            "version": "4.3.4",
            "resolved": "https://registry.npmjs.org/chai/-/chai-4.3.4.tgz",
            "integrity": "sha512-yS5H68VYOCtN1cjfwumDSuzn/9c+yza4f3reKXlE5rUg7SFcCEy90gJvydNgOYtblyf4Zi6jIWRnXOgErta0KA==",
            "requires": {
                "assertion-error": "^1.1.0",
                "check-error": "^1.0.2",
                "deep-eql": "^3.0.1",
                "get-func-name": "^2.0.0",
                "pathval": "^1.1.1",
                "type-detect": "^4.0.5"
            }
        },
        "check-error": {
            "version": "1.0.2",
            "resolved": "https://registry.npmjs.org/check-error/-/check-error-1.0.2.tgz",
            "integrity": "sha1-V00xLt2Iu13YkS6Sht1sCu1KrII="
        },
        "clone": {
            "version": "1.0.4",
            "resolved": "https://registry.npmjs.org/clone/-/clone-1.0.4.tgz",
            "integrity": "sha1-2jCcwmPfFZlMaIypAheco8fNfH4=",
            "optional": true
        },
        "data-forge": {
            "version": "1.8.17",
            "resolved": "https://registry.npmjs.org/data-forge/-/data-forge-1.8.17.tgz",
            "integrity": "sha512-VWLoMyceLJL3a7jGPhxNFMwpW1tC3D6enJEoskBxGAJ3cTG3tT7YzVaAmQdDsU20+sPMsG/tRC2Vb3/knVTLzA==",
            "requires": {
                "@data-forge/serialization": "^1.0.0",
                "dayjs": "^1.8.12",
                "easy-table": "1.1.0",
                "json5": "^2.1.0",
                "numeral": "^2.0.6",
                "papaparse": "5.2.0",
                "typy": "^3.0.1"
            }
        },
        "data-forge-fs": {
            "version": "0.0.9",
            "resolved": "https://registry.npmjs.org/data-forge-fs/-/data-forge-fs-0.0.9.tgz",
            "integrity": "sha512-7VzK9DbvYqJk/AlQckIh4OMX0iNcvY4Za8vWXh6LT+TGekAs791XUjB2OsEDlRcmRr3DdQ7aecVBRZ+wevjhnA==",
            "requires": {
                "chai": "^4.1.2"
            }
        },
        "dayjs": {
            "version": "1.10.6",
            "resolved": "https://registry.npmjs.org/dayjs/-/dayjs-1.10.6.tgz",
            "integrity": "sha512-AztC/IOW4L1Q41A86phW5Thhcrco3xuAA+YX/BLpLWWjRcTj5TOt/QImBLmCKlrF7u7k47arTnOyL6GnbG8Hvw=="
        },
        "deep-eql": {
            "version": "3.0.1",
            "resolved": "https://registry.npmjs.org/deep-eql/-/deep-eql-3.0.1.tgz",
            "integrity": "sha512-+QeIQyN5ZuO+3Uk5DYh6/1eKO0m0YmJFGNmFHGACpf1ClL1nmlV/p4gNgbl2pJGxgXb4faqo6UE+M5ACEMyVcw==",
            "requires": {
                "type-detect": "^4.0.0"
            }
        },
        "defaults": {
            "version": "1.0.3",
            "resolved": "https://registry.npmjs.org/defaults/-/defaults-1.0.3.tgz",
            "integrity": "sha1-xlYFHpgX2f8I7YgUd/P+QBnz730=",
            "optional": true,
            "requires": {
                "clone": "^1.0.2"
            }
        },
        "easy-table": {
            "version": "1.1.0",
            "resolved": "https://registry.npmjs.org/easy-table/-/easy-table-1.1.0.tgz",
            "integrity": "sha1-hvmrTBAvA3G3KXuSplHVgkvIy3M=",
            "requires": {
                "wcwidth": ">=1.0.1"
            }
        },
        "get-func-name": {
            "version": "2.0.0",
            "resolved": "https://registry.npmjs.org/get-func-name/-/get-func-name-2.0.0.tgz",
            "integrity": "sha1-6td0q+5y4gQJQzoGY2YCPdaIekE="
        },
        "json5": {
            "version": "2.2.0",
            "resolved": "https://registry.npmjs.org/json5/-/json5-2.2.0.tgz",
            "integrity": "sha512-f+8cldu7X/y7RAJurMEJmdoKXGB/X550w2Nr3tTbezL6RwEE/iMcm+tZnXeoZtKuOq6ft8+CqzEkrIgx1fPoQA==",
            "requires": {
                "minimist": "^1.2.5"
            }
        },
        "minimist": {
            "version": "1.2.5",
            "resolved": "https://registry.npmjs.org/minimist/-/minimist-1.2.5.tgz",
            "integrity": "sha512-FM9nNUYrRBAELZQT3xeZQ7fmMOBg6nWNmJKTcgsJeaLstP/UODVpGsr5OhXhhXg6f+qtJ8uiZ+PUxkDWcgIXLw=="
        },
        "numeral": {
            "version": "2.0.6",
            "resolved": "https://registry.npmjs.org/numeral/-/numeral-2.0.6.tgz",
            "integrity": "sha1-StCAk21EPCVhrtnyGX7//iX05QY="
        },
        "papaparse": {
            "version": "5.2.0",
            "resolved": "https://registry.npmjs.org/papaparse/-/papaparse-5.2.0.tgz",
            "integrity": "sha512-ylq1wgUSnagU+MKQtNeVqrPhZuMYBvOSL00DHycFTCxownF95gpLAk1HiHdUW77N8yxRq1qHXLdlIPyBSG9NSA=="
        },
        "pathval": {
            "version": "1.1.1",
            "resolved": "https://registry.npmjs.org/pathval/-/pathval-1.1.1.tgz",
            "integrity": "sha512-Dp6zGqpTdETdR63lehJYPeIOqpiNBNtc7BpWSLrOje7UaIsE5aY92r/AunQA7rsXvet3lrJ3JnZX29UPTKXyKQ=="
        },
        "type-detect": {
            "version": "4.0.8",
            "resolved": "https://registry.npmjs.org/type-detect/-/type-detect-4.0.8.tgz",
            "integrity": "sha512-0fr/mIH1dlO+x7TlcMy+bIDqKPsw/70tVyeHW787goQjhmqaZe10uwLujubK9q9Lg6Fiho1KUKDYz0Z7k7g5/g=="
        },
        "typy": {
            "version": "3.3.0",
            "resolved": "https://registry.npmjs.org/typy/-/typy-3.3.0.tgz",
            "integrity": "sha512-Du53deMF9X9pSM3gVXDjLBq14BUfZWSGKfmmR1kTlg953RaIZehfc8fQuoAiW+SRO6bJsP+59mv1tsH8vwKghg=="
        },
        "wcwidth": {
            "version": "1.0.1",
            "resolved": "https://registry.npmjs.org/wcwidth/-/wcwidth-1.0.1.tgz",
            "integrity": "sha1-8LDc+RW8X/FSivrbLA4XtTLaL+g=",
            "optional": true,
            "requires": {
                "defaults": "^1.0.3"
            }
        }
    }
}
